
Microsoft Visual Studio Solution File, Format Version 12.00
# Visual Studio 15
VisualStudioVersion = 15.0.28010.2019
MinimumVisualStudioVersion = 10.0.40219.1
Project("{FAE04EC0-301F-11D3-BF4B-00C04F79EFBC}") = "Assignment_4", "Assignment_4\Assignment_4.csproj", "{8377AC8B-AE4A-4BBE-9CA5-4E5283A5F2AA}"
EndProject
Global
	GlobalSection(SolutionConfigurationPlatforms) = preSolution
		Debug|Any CPU = Debug|Any CPU
		Release|Any CPU = Release|Any CPU
	EndGlobalSection
	GlobalSection(ProjectConfigurationPlatforms) = postSolution
		{8377AC8B-AE4A-4BBE-9CA5-4E5283A5F2AA}.Debug|Any CPU.ActiveCfg = Debug|Any CPU
		{8377AC8B-AE4A-4BBE-9CA5-4E5283A5F2AA}.Debug|Any CPU.Build.0 = Debug|Any CPU
		{8377AC8B-AE4A-4BBE-9CA5-4E5283A5F2AA}.Release|Any CPU.ActiveCfg = Release|Any CPU
		{8377AC8B-AE4A-4BBE-9CA5-4E5283A5F2AA}.Release|Any CPU.Build.0 = Release|Any CPU
	EndGlobalSection
	GlobalSection(SolutionProperties) = preSolution
		HideSolutionNode = FALSE
	EndGlobalSection
	GlobalSection(ExtensibilityGlobals) = postSolution
		SolutionGuid = {0E180312-2AFF-47A6-AAF2-C2447F974C40}
	EndGlobalSection
EndGlobal
